
Microsoft Visual Studio Solution File, Format Version 12.00
# Visual Studio 15
VisualStudioVersion = 15.0.28307.329
MinimumVisualStudioVersion = 10.0.40219.1
Project("{9A19103F-16F7-4668-BE54-9A1E7A4F7556}") = "ClrMDExports", "ClrMDExports\ClrMDExports.csproj", "{779ED776-74EF-4ADA-8E0F-7BE463811483}"
EndProject
Global
	GlobalSection(SolutionConfigurationPlatforms) = preSolution
		Debug|Any CPU = Debug|Any CPU
		Release|Any CPU = Release|Any CPU
	EndGlobalSection
	GlobalSection(ProjectConfigurationPlatforms) = postSolution
		{779ED776-74EF-4ADA-8E0F-7BE463811483}.Debug|Any CPU.ActiveCfg = Debug|Any CPU
		{779ED776-74EF-4ADA-8E0F-7BE463811483}.Debug|Any CPU.Build.0 = Debug|Any CPU
		{779ED776-74EF-4ADA-8E0F-7BE463811483}.Release|Any CPU.ActiveCfg = Release|Any CPU
		{779ED776-74EF-4ADA-8E0F-7BE463811483}.Release|Any CPU.Build.0 = Release|Any CPU
	EndGlobalSection
	GlobalSection(SolutionProperties) = preSolution
		HideSolutionNode = FALSE
	EndGlobalSection
	GlobalSection(ExtensibilityGlobals) = postSolution
		SolutionGuid = {E085A3A4-3D3F-4310-B0FD-595A67818EDD}
	EndGlobalSection
EndGlobal
